{
  "name": "connect-docs",
  "lockfileVersion": 3,
  "requires": true,
  "packages": {
    "": {
      "dependencies": {
        "redoc-try-it-out": "^1.0.9"
      }
    },
    "node_modules/redoc-try-it-out": {
      "version": "1.0.9",
      "resolved": "https://registry.npmjs.org/redoc-try-it-out/-/redoc-try-it-out-1.0.9.tgz",
      "integrity": "sha512-hrWoZ3EuEw886edqX3fDrVuiU7P9WnCdA126yDoUICMkAB4oVNxt3sftFkYv8nBFMF/PRHF5Z4ZsMwJzpWYM+w=="
    }
  }
}
